
Microsoft Visual Studio Solution File, Format Version 12.00
# Visual Studio 15
VisualStudioVersion = 15.0.28307.1231
MinimumVisualStudioVersion = 10.0.40219.1
Project("{FAE04EC0-301F-11D3-BF4B-00C04F79EFBC}") = "FullNameSplit", "FullNameSplit\FullNameSplit.csproj", "{B90B5E48-DA69-403C-9176-4955AE44BCFE}"
EndProject
Global
	GlobalSection(SolutionConfigurationPlatforms) = preSolution
		Debug|Any CPU = Debug|Any CPU
		Release|Any CPU = Release|Any CPU
	EndGlobalSection
	GlobalSection(ProjectConfigurationPlatforms) = postSolution
		{B90B5E48-DA69-403C-9176-4955AE44BCFE}.Debug|Any CPU.ActiveCfg = Debug|Any CPU
		{B90B5E48-DA69-403C-9176-4955AE44BCFE}.Debug|Any CPU.Build.0 = Debug|Any CPU
		{B90B5E48-DA69-403C-9176-4955AE44BCFE}.Release|Any CPU.ActiveCfg = Release|Any CPU
		{B90B5E48-DA69-403C-9176-4955AE44BCFE}.Release|Any CPU.Build.0 = Release|Any CPU
	EndGlobalSection
	GlobalSection(SolutionProperties) = preSolution
		HideSolutionNode = FALSE
	EndGlobalSection
	GlobalSection(ExtensibilityGlobals) = postSolution
		SolutionGuid = {C4A3D66D-5B06-4D79-8C74-20C01B83AE0F}
	EndGlobalSection
EndGlobal
